
Microsoft Visual Studio Solution File, Format Version 12.00
# Visual Studio Version 17
VisualStudioVersion = 17.13.36105.23 d17.13
MinimumVisualStudioVersion = 10.0.40219.1
Project("{FAE04EC0-301F-11D3-BF4B-00C04F79EFBC}") = "StampCollectorApp", "StampCollectorApp\StampCollectorApp.csproj", "{6323888E-B247-4166-A2F7-95350E6015AD}"
EndProject
Global
	GlobalSection(SolutionConfigurationPlatforms) = preSolution
		Debug|Any CPU = Debug|Any CPU
		Release|Any CPU = Release|Any CPU
	EndGlobalSection
	GlobalSection(ProjectConfigurationPlatforms) = postSolution
		{6323888E-B247-4166-A2F7-95350E6015AD}.Debug|Any CPU.ActiveCfg = Debug|Any CPU
		{6323888E-B247-4166-A2F7-95350E6015AD}.Debug|Any CPU.Build.0 = Debug|Any CPU
		{6323888E-B247-4166-A2F7-95350E6015AD}.Debug|Any CPU.Deploy.0 = Debug|Any CPU
		{6323888E-B247-4166-A2F7-95350E6015AD}.Release|Any CPU.ActiveCfg = Release|Any CPU
		{6323888E-B247-4166-A2F7-95350E6015AD}.Release|Any CPU.Build.0 = Release|Any CPU
		{6323888E-B247-4166-A2F7-95350E6015AD}.Release|Any CPU.Deploy.0 = Release|Any CPU
	EndGlobalSection
	GlobalSection(SolutionProperties) = preSolution
		HideSolutionNode = FALSE
	EndGlobalSection
	GlobalSection(ExtensibilityGlobals) = postSolution
		SolutionGuid = {39A936E0-1102-4355-A98D-2FDF19590C02}
	EndGlobalSection
EndGlobal
